<Solution>
  <Project Path="Task_1_1/Task_1_1.csproj" />
  <Project Path="Task_1_2/Task_1_2.csproj" />
  <Project Path="Task_1_3/Task_1_3.csproj" />
  <Project Path="Task_1_4/Task_1_4.csproj" />
  <Project Path="Task_1_5/Task_1_5.csproj" />
  <Project Path="Task_1_7/Task_1_7.csproj" />
  <Project Path="Task_1_8/Task_1_8.csproj" />
</Solution>
